{
  "name": "vibes-backend",
  "version": "1.0.0",
  "lockfileVersion": 2,
  "requires": true,
  "packages": {
    "": {
      "name": "vibes-backend",
      "version": "1.0.0",
      "license": "ISC",
      "dependencies": {
        "@serenity-kit/opaque": "^0.9.0"
      }
    },
    "node_modules/@serenity-kit/opaque": {
      "version": "0.9.0",
      "resolved": "https://registry.npmjs.org/@serenity-kit/opaque/-/opaque-0.9.0.tgz",
      "integrity": "sha512-Db4Gx1JBM78ThJhtKUu5xVe+QRkDGktiLTOVcqB879ELF+gX8X6wCVxPqT9YQdehxtrU8Kub4epLuQ0sIKnBbg==",
      "bin": {
        "opaque": "bin/index.js"
      }
    }
  },
  "dependencies": {
    "@serenity-kit/opaque": {
      "version": "0.9.0",
      "resolved": "https://registry.npmjs.org/@serenity-kit/opaque/-/opaque-0.9.0.tgz",
      "integrity": "sha512-Db4Gx1JBM78ThJhtKUu5xVe+QRkDGktiLTOVcqB879ELF+gX8X6wCVxPqT9YQdehxtrU8Kub4epLuQ0sIKnBbg=="
    }
  }
}
